{
  "name": "typescript_design_pattern",
  "version": "1.0.0",
  "lockfileVersion": 1,
  "requires": true,
  "dependencies": {
    "@types/node": {
      "version": "10.3.6",
      "resolved": "http://registry.npm.taobao.org/@types/node/download/@types/node-10.3.6.tgz",
      "integrity": "sha1-6oqrlDm1n0DRnsXxO0RkI0SHKxE=",
      "dev": true
    },
    "readline": {
      "version": "1.3.0",
      "resolved": "http://registry.npm.taobao.org/readline/download/readline-1.3.0.tgz",
      "integrity": "sha1-xYDXfvLPyHUrEySYBg3JeTp6wBw="
    },
    "typescript": {
      "version": "2.9.2",
      "resolved": "http://registry.npm.taobao.org/typescript/download/typescript-2.9.2.tgz",
      "integrity": "sha1-HL9h0F1rliaSROtqO85L2RTg8Aw="
    }
  }
}
